{
  "name": "07.myWebpack",
  "version": "1.0.0",
  "lockfileVersion": 1,
  "requires": true,
  "dependencies": {
    "@babel/parser": {
      "version": "7.13.4",
      "resolved": "https://registry.npm.taobao.org/@babel/parser/download/@babel/parser-7.13.4.tgz",
      "integrity": "sha1-NAIRsNqUo1Gm8Q5jZx+nJzM9E6s=",
      "dev": true
    }
  }
}
